
Microsoft Visual Studio Solution File, Format Version 12.00
Project("{FAE04EC0-301F-11D3-BF4B-00C04F79EFBC}") = "CSharpifyXml.Core", "CSharpifyXml.Core\CSharpifyXml.Core.csproj", "{83D40F4A-BFBD-4AE9-8075-F18CA73596C4}"
EndProject
Project("{FAE04EC0-301F-11D3-BF4B-00C04F79EFBC}") = "CSharpifyXml.Core.Tests", "CSharpifyXml.Core.Tests\CSharpifyXml.Core.Tests.csproj", "{2C73404B-BE89-4720-A688-6CDE18F85D53}"
EndProject
Global
	GlobalSection(SolutionConfigurationPlatforms) = preSolution
		Debug|Any CPU = Debug|Any CPU
		Release|Any CPU = Release|Any CPU
	EndGlobalSection
	GlobalSection(ProjectConfigurationPlatforms) = postSolution
		{83D40F4A-BFBD-4AE9-8075-F18CA73596C4}.Debug|Any CPU.ActiveCfg = Debug|Any CPU
		{83D40F4A-BFBD-4AE9-8075-F18CA73596C4}.Debug|Any CPU.Build.0 = Debug|Any CPU
		{83D40F4A-BFBD-4AE9-8075-F18CA73596C4}.Release|Any CPU.ActiveCfg = Release|Any CPU
		{83D40F4A-BFBD-4AE9-8075-F18CA73596C4}.Release|Any CPU.Build.0 = Release|Any CPU
		{2C73404B-BE89-4720-A688-6CDE18F85D53}.Debug|Any CPU.ActiveCfg = Debug|Any CPU
		{2C73404B-BE89-4720-A688-6CDE18F85D53}.Debug|Any CPU.Build.0 = Debug|Any CPU
		{2C73404B-BE89-4720-A688-6CDE18F85D53}.Release|Any CPU.ActiveCfg = Release|Any CPU
		{2C73404B-BE89-4720-A688-6CDE18F85D53}.Release|Any CPU.Build.0 = Release|Any CPU
	EndGlobalSection
EndGlobal
